// !$*UTF8*$!
{
	archiveVersion = 1;
	classes = {
	};
	objectVersion = 52;
	objects = {

/* Begin PBXBuildFile section */
		844283952633234200AFF1D2 /* AppDelegate.swift in Sources */ = {isa = PBXBuildFile; fileRef = 844283942633234200AFF1D2 /* AppDelegate.swift */; };
		844283972633234200AFF1D2 /* SceneDelegate.swift in Sources */ = {isa = PBXBuildFile; fileRef = 844283962633234200AFF1D2 /* SceneDelegate.swift */; };
		844283992633234200AFF1D2 /* ContentView.swift in Sources */ = {isa = PBXBuildFile; fileRef = 844283982633234200AFF1D2 /* ContentView.swift */; };
		8442839B2633234500AFF1D2 /* Assets.xcassets in Resources */ = {isa = PBXBuildFile; fileRef = 8442839A2633234500AFF1D2 /* Assets.xcassets */; };
		8442839E2633234500AFF1D2 /* Preview Assets.xcassets in Resources */ = {isa = PBXBuildFile; fileRef = 8442839D2633234500AFF1D2 /* Preview Assets.xcassets */; };
		844283A12633234500AFF1D2 /* LaunchScreen.storyboard in Resources */ = {isa = PBXBuildFile; fileRef = 8442839F2633234500AFF1D2 /* LaunchScreen.storyboard */; };
		844283AA2633239200AFF1D2 /* MainController.swift in Sources */ = {isa = PBXBuildFile; fileRef = 844283A92633239200AFF1D2 /* MainController.swift */; };
		844283AF26332F4B00AFF1D2 /* LBTATools in Frameworks */ = {isa = PBXBuildFile; productRef = 844283AE26332F4B00AFF1D2 /* LBTATools */; };
		844283B22633DC2500AFF1D2 /* PhotosViewCOntroller.swift in Sources */ = {isa = PBXBuildFile; fileRef = 844283B12633DC2500AFF1D2 /* PhotosViewCOntroller.swift */; };
/* End PBXBuildFile section */

/* Begin PBXFileReference section */
		844283912633234200AFF1D2 /* FacebookApp.app */ = {isa = PBXFileReference; explicitFileType = wrapper.application; includeInIndex = 0; path = FacebookApp.app; sourceTree = BUILT_PRODUCTS_DIR; };
		844283942633234200AFF1D2 /* AppDelegate.swift */ = {isa = PBXFileReference; lastKnownFileType = sourcecode.swift; path = AppDelegate.swift; sourceTree = "<group>"; };
		844283962633234200AFF1D2 /* SceneDelegate.swift */ = {isa = PBXFileReference; lastKnownFileType = sourcecode.swift; path = SceneDelegate.swift; sourceTree = "<group>"; };
		844283982633234200AFF1D2 /* ContentView.swift */ = {isa = PBXFileReference; lastKnownFileType = sourcecode.swift; path = ContentView.swift; sourceTree = "<group>"; };
		8442839A2633234500AFF1D2 /* Assets.xcassets */ = {isa = PBXFileReference; lastKnownFileType = folder.assetcatalog; path = Assets.xcassets; sourceTree = "<group>"; };
		8442839D2633234500AFF1D2 /* Preview Assets.xcassets */ = {isa = PBXFileReference; lastKnownFileType = folder.assetcatalog; path = "Preview Assets.xcassets"; sourceTree = "<group>"; };
		844283A02633234500AFF1D2 /* Base */ = {isa = PBXFileReference; lastKnownFileType = file.storyboard; name = Base; path = Base.lproj/LaunchScreen.storyboard; sourceTree = "<group>"; };
		844283A22633234500AFF1D2 /* Info.plist */ = {isa = PBXFileReference; lastKnownFileType = text.plist.xml; path = Info.plist; sourceTree = "<group>"; };
		844283A92633239200AFF1D2 /* MainController.swift */ = {isa = PBXFileReference; lastKnownFileType = sourcecode.swift; path = MainController.swift; sourceTree = "<group>"; };
		844283B12633DC2500AFF1D2 /* PhotosViewCOntroller.swift */ = {isa = PBXFileReference; lastKnownFileType = sourcecode.swift; path = PhotosViewCOntroller.swift; sourceTree = "<group>"; };
/* End PBXFileReference section */

/* Begin PBXFrameworksBuildPhase section */
		8442838E2633234200AFF1D2 /* Frameworks */ = {
			isa = PBXFrameworksBuildPhase;
			buildActionMask = 2147483647;
			files = (
				844283AF26332F4B00AFF1D2 /* LBTATools in Frameworks */,
			);
			runOnlyForDeploymentPostprocessing = 0;
		};
/* End PBXFrameworksBuildPhase section */

/* Begin PBXGroup section */
		844283882633234200AFF1D2 = {
			isa = PBXGroup;
			children = (
				844283932633234200AFF1D2 /* FacebookApp */,
				844283922633234200AFF1D2 /* Products */,
			);
			sourceTree = "<group>";
		};
		844283922633234200AFF1D2 /* Products */ = {
			isa = PBXGroup;
			children = (
				844283912633234200AFF1D2 /* FacebookApp.app */,
			);
			name = Products;
			sourceTree = "<group>";
		};
		844283932633234200AFF1D2 /* FacebookApp */ = {
			isa = PBXGroup;
			children = (
				844283942633234200AFF1D2 /* AppDelegate.swift */,
				844283962633234200AFF1D2 /* SceneDelegate.swift */,
				844283982633234200AFF1D2 /* ContentView.swift */,
				8442839A2633234500AFF1D2 /* Assets.xcassets */,
				8442839F2633234500AFF1D2 /* LaunchScreen.storyboard */,
				844283A22633234500AFF1D2 /* Info.plist */,
				8442839C2633234500AFF1D2 /* Preview Content */,
				844283A92633239200AFF1D2 /* MainController.swift */,
				844283B12633DC2500AFF1D2 /* PhotosViewCOntroller.swift */,
			);
			path = FacebookApp;
			sourceTree = "<group>";
		};
		8442839C2633234500AFF1D2 /* Preview Content */ = {
			isa = PBXGroup;
			children = (
				8442839D2633234500AFF1D2 /* Preview Assets.xcassets */,
			);
			path = "Preview Content";
			sourceTree = "<group>";
		};
/* End PBXGroup section */

/* Begin PBXNativeTarget section */
		844283902633234200AFF1D2 /* FacebookApp */ = {
			isa = PBXNativeTarget;
			buildConfigurationList = 844283A52633234500AFF1D2 /* Build configuration list for PBXNativeTarget "FacebookApp" */;
			buildPhases = (
				8442838D2633234200AFF1D2 /* Sources */,
				8442838E2633234200AFF1D2 /* Frameworks */,
				8442838F2633234200AFF1D2 /* Resources */,
			);
			buildRules = (
			);
			dependencies = (
			);
			name = FacebookApp;
			packageProductDependencies = (
				844283AE26332F4B00AFF1D2 /* LBTATools */,
			);
			productName = FacebookApp;
			productReference = 844283912633234200AFF1D2 /* FacebookApp.app */;
			productType = "com.apple.product-type.application";
		};
/* End PBXNativeTarget section */

/* Begin PBXProject section */
		844283892633234200AFF1D2 /* Project object */ = {
			isa = PBXProject;
			attributes = {
				LastSwiftUpdateCheck = 1240;
				LastUpgradeCheck = 1240;
				TargetAttributes = {
					844283902633234200AFF1D2 = {
						CreatedOnToolsVersion = 12.4;
					};
				};
			};
			buildConfigurationList = 8442838C2633234200AFF1D2 /* Build configuration list for PBXProject "FacebookApp" */;
			compatibilityVersion = "Xcode 9.3";
			developmentRegion = en;
			hasScannedForEncodings = 0;
			knownRegions = (
				en,
				Base,
			);
			mainGroup = 844283882633234200AFF1D2;
			packageReferences = (
				844283AD26332F4B00AFF1D2 /* XCRemoteSwiftPackageReference "LBTATools" */,
			);
			productRefGroup = 844283922633234200AFF1D2 /* Products */;
			projectDirPath = "";
			projectRoot = "";
			targets = (
				844283902633234200AFF1D2 /* FacebookApp */,
			);
		};
/* End PBXProject section */

/* Begin PBXResourcesBuildPhase section */
		8442838F2633234200AFF1D2 /* Resources */ = {
			isa = PBXResourcesBuildPhase;
			buildActionMask = 2147483647;
			files = (
				844283A12633234500AFF1D2 /* LaunchScreen.storyboard in Resources */,
				8442839E2633234500AFF1D2 /* Preview Assets.xcassets in Resources */,
				8442839B2633234500AFF1D2 /* Assets.xcassets in Resources */,
			);
			runOnlyForDeploymentPostprocessing = 0;
		};
/* End PBXResourcesBuildPhase section */

/* Begin PBXSourcesBuildPhase section */
		8442838D2633234200AFF1D2 /* Sources */ = {
			isa = PBXSourcesBuildPhase;
			buildActionMask = 2147483647;
			files = (
				844283B22633DC2500AFF1D2 /* PhotosViewCOntroller.swift in Sources */,
				844283AA2633239200AFF1D2 /* MainController.swift in Sources */,
				844283952633234200AFF1D2 /* AppDelegate.swift in Sources */,
				844283972633234200AFF1D2 /* SceneDelegate.swift in Sources */,
				844283992633234200AFF1D2 /* ContentView.swift in Sources */,
			);
			runOnlyForDeploymentPostprocessing = 0;
		};
/* End PBXSourcesBuildPhase section */

/* Begin PBXVariantGroup section */
		8442839F2633234500AFF1D2 /* LaunchScreen.storyboard */ = {
			isa = PBXVariantGroup;
			children = (
				844283A02633234500AFF1D2 /* Base */,
			);
			name = LaunchScreen.storyboard;
			sourceTree = "<group>";
		};
/* End PBXVariantGroup section */

/* Begin XCBuildConfiguration section */
		844283A32633234500AFF1D2 /* Debug */ = {
			isa = XCBuildConfiguration;
			buildSettings = {
				ALWAYS_SEARCH_USER_PATHS = NO;
				CLANG_ANALYZER_NONNULL = YES;
				CLANG_ANALYZER_NUMBER_OBJECT_CONVERSION = YES_AGGRESSIVE;
				CLANG_CXX_LANGUAGE_STANDARD = "gnu++14";
				CLANG_CXX_LIBRARY = "libc++";
				CLANG_ENABLE_MODULES = YES;
				CLANG_ENABLE_OBJC_ARC = YES;
				CLANG_ENABLE_OBJC_WEAK = YES;
				CLANG_WARN_BLOCK_CAPTURE_AUTORELEASING = YES;
				CLANG_WARN_BOOL_CONVERSION = YES;
				CLANG_WARN_COMMA = YES;
				CLANG_WARN_CONSTANT_CONVERSION = YES;
				CLANG_WARN_DEPRECATED_OBJC_IMPLEMENTATIONS = YES;
				CLANG_WARN_DIRECT_OBJC_ISA_USAGE = YES_ERROR;
				CLANG_WARN_DOCUMENTATION_COMMENTS = YES;
				CLANG_WARN_EMPTY_BODY = YES;
				CLANG_WARN_ENUM_CONVERSION = YES;
				CLANG_WARN_INFINITE_RECURSION = YES;
				CLANG_WARN_INT_CONVERSION = YES;
				CLANG_WARN_NON_LITERAL_NULL_CONVERSION = YES;
				CLANG_WARN_OBJC_IMPLICIT_RETAIN_SELF = YES;
				CLANG_WARN_OBJC_LITERAL_CONVERSION = YES;
				CLANG_WARN_OBJC_ROOT_CLASS = YES_ERROR;
				CLANG_WARN_QUOTED_INCLUDE_IN_FRAMEWORK_HEADER = YES;
				CLANG_WARN_RANGE_LOOP_ANALYSIS = YES;
				CLANG_WARN_STRICT_PROTOTYPES = YES;
				CLANG_WARN_SUSPICIOUS_MOVE = YES;
				CLANG_WARN_UNGUARDED_AVAILABILITY = YES_AGGRESSIVE;
				CLANG_WARN_UNREACHABLE_CODE = YES;
				CLANG_WARN__DUPLICATE_METHOD_MATCH = YES;
				COPY_PHASE_STRIP = NO;
				DEBUG_INFORMATION_FORMAT = dwarf;
				ENABLE_STRICT_OBJC_MSGSEND = YES;
				ENABLE_TESTABILITY = YES;
				GCC_C_LANGUAGE_STANDARD = gnu11;
				GCC_DYNAMIC_NO_PIC = NO;
				GCC_NO_COMMON_BLOCKS = YES;
				GCC_OPTIMIZATION_LEVEL = 0;
				GCC_PREPROCESSOR_DEFINITIONS = (
					"DEBUG=1",
					"$(inherited)",
				);
				GCC_WARN_64_TO_32_BIT_CONVERSION = YES;
				GCC_WARN_ABOUT_RETURN_TYPE = YES_ERROR;
				GCC_WARN_UNDECLARED_SELECTOR = YES;
				GCC_WARN_UNINITIALIZED_AUTOS = YES_AGGRESSIVE;
				GCC_WARN_UNUSED_FUNCTION = YES;
				GCC_WARN_UNUSED_VARIABLE = YES;
				IPHONEOS_DEPLOYMENT_TARGET = 14.4;
				MTL_ENABLE_DEBUG_INFO = INCLUDE_SOURCE;
				MTL_FAST_MATH = YES;
				ONLY_ACTIVE_ARCH = YES;
				SDKROOT = iphoneos;
				SWIFT_ACTIVE_COMPILATION_CONDITIONS = DEBUG;
				SWIFT_OPTIMIZATION_LEVEL = "-Onone";
			};
			name = Debug;
		};
		844283A42633234500AFF1D2 /* Release */ = {
			isa = XCBuildConfiguration;
			buildSettings = {
				ALWAYS_SEARCH_USER_PATHS = NO;
				CLANG_ANALYZER_NONNULL = YES;
				CLANG_ANALYZER_NUMBER_OBJECT_CONVERSION = YES_AGGRESSIVE;
				CLANG_CXX_LANGUAGE_STANDARD = "gnu++14";
				CLANG_CXX_LIBRARY = "libc++";
				CLANG_ENABLE_MODULES = YES;
				CLANG_ENABLE_OBJC_ARC = YES;
				CLANG_ENABLE_OBJC_WEAK = YES;
				CLANG_WARN_BLOCK_CAPTURE_AUTORELEASING = YES;
				CLANG_WARN_BOOL_CONVERSION = YES;
				CLANG_WARN_COMMA = YES;
				CLANG_WARN_CONSTANT_CONVERSION = YES;
				CLANG_WARN_DEPRECATED_OBJC_IMPLEMENTATIONS = YES;
				CLANG_WARN_DIRECT_OBJC_ISA_USAGE = YES_ERROR;
				CLANG_WARN_DOCUMENTATION_COMMENTS = YES;
				CLANG_WARN_EMPTY_BODY = YES;
				CLANG_WARN_ENUM_CONVERSION = YES;
				CLANG_WARN_INFINITE_RECURSION = YES;
				CLANG_WARN_INT_CONVERSION = YES;
				CLANG_WARN_NON_LITERAL_NULL_CONVERSION = YES;
				CLANG_WARN_OBJC_IMPLICIT_RETAIN_SELF = YES;
				CLANG_WARN_OBJC_LITERAL_CONVERSION = YES;
				CLANG_WARN_OBJC_ROOT_CLASS = YES_ERROR;
				CLANG_WARN_QUOTED_INCLUDE_IN_FRAMEWORK_HEADER = YES;
				CLANG_WARN_RANGE_LOOP_ANALYSIS = YES;
				CLANG_WARN_STRICT_PROTOTYPES = YES;
				CLANG_WARN_SUSPICIOUS_MOVE = YES;
				CLANG_WARN_UNGUARDED_AVAILABILITY = YES_AGGRESSIVE;
				CLANG_WARN_UNREACHABLE_CODE = YES;
				CLANG_WARN__DUPLICATE_METHOD_MATCH = YES;
				COPY_PHASE_STRIP = NO;
				DEBUG_INFORMATION_FORMAT = "dwarf-with-dsym";
				ENABLE_NS_ASSERTIONS = NO;
				ENABLE_STRICT_OBJC_MSGSEND = YES;
				GCC_C_LANGUAGE_STANDARD = gnu11;
				GCC_NO_COMMON_BLOCKS = YES;
				GCC_WARN_64_TO_32_BIT_CONVERSION = YES;
				GCC_WARN_ABOUT_RETURN_TYPE = YES_ERROR;
				GCC_WARN_UNDECLARED_SELECTOR = YES;
				GCC_WARN_UNINITIALIZED_AUTOS = YES_AGGRESSIVE;
				GCC_WARN_UNUSED_FUNCTION = YES;
				GCC_WARN_UNUSED_VARIABLE = YES;
				IPHONEOS_DEPLOYMENT_TARGET = 14.4;
				MTL_ENABLE_DEBUG_INFO = NO;
				MTL_FAST_MATH = YES;
				SDKROOT = iphoneos;
				SWIFT_COMPILATION_MODE = wholemodule;
				SWIFT_OPTIMIZATION_LEVEL = "-O";
				VALIDATE_PRODUCT = YES;
			};
			name = Release;
		};
		844283A62633234500AFF1D2 /* Debug */ = {
			isa = XCBuildConfiguration;
			buildSettings = {
				ASSETCATALOG_COMPILER_APPICON_NAME = AppIcon;
				ASSETCATALOG_COMPILER_GLOBAL_ACCENT_COLOR_NAME = AccentColor;
				CODE_SIGN_STYLE = Automatic;
				DEVELOPMENT_ASSET_PATHS = "\"FacebookApp/Preview Content\"";
				ENABLE_PREVIEWS = YES;
				INFOPLIST_FILE = FacebookApp/Info.plist;
				LD_RUNPATH_SEARCH_PATHS = (
					"$(inherited)",
					"@executable_path/Frameworks",
				);
				PRODUCT_BUNDLE_IDENTIFIER = com.russel.facebook.FacebookApp;
				PRODUCT_NAME = "$(TARGET_NAME)";
				SWIFT_VERSION = 5.0;
				TARGETED_DEVICE_FAMILY = "1,2";
			};
			name = Debug;
		};
		844283A72633234500AFF1D2 /* Release */ = {
			isa = XCBuildConfiguration;
			buildSettings = {
				ASSETCATALOG_COMPILER_APPICON_NAME = AppIcon;
				ASSETCATALOG_COMPILER_GLOBAL_ACCENT_COLOR_NAME = AccentColor;
				CODE_SIGN_STYLE = Automatic;
				DEVELOPMENT_ASSET_PATHS = "\"FacebookApp/Preview Content\"";
				ENABLE_PREVIEWS = YES;
				INFOPLIST_FILE = FacebookApp/Info.plist;
				LD_RUNPATH_SEARCH_PATHS = (
					"$(inherited)",
					"@executable_path/Frameworks",
				);
				PRODUCT_BUNDLE_IDENTIFIER = com.russel.facebook.FacebookApp;
				PRODUCT_NAME = "$(TARGET_NAME)";
				SWIFT_VERSION = 5.0;
				TARGETED_DEVICE_FAMILY = "1,2";
			};
			name = Release;
		};
/* End XCBuildConfiguration section */

/* Begin XCConfigurationList section */
		8442838C2633234200AFF1D2 /* Build configuration list for PBXProject "FacebookApp" */ = {
			isa = XCConfigurationList;
			buildConfigurations = (
				844283A32633234500AFF1D2 /* Debug */,
				844283A42633234500AFF1D2 /* Release */,
			);
			defaultConfigurationIsVisible = 0;
			defaultConfigurationName = Release;
		};
		844283A52633234500AFF1D2 /* Build configuration list for PBXNativeTarget "FacebookApp" */ = {
			isa = XCConfigurationList;
			buildConfigurations = (
				844283A62633234500AFF1D2 /* Debug */,
				844283A72633234500AFF1D2 /* Release */,
			);
			defaultConfigurationIsVisible = 0;
			defaultConfigurationName = Release;
		};
/* End XCConfigurationList section */

/* Begin XCRemoteSwiftPackageReference section */
		844283AD26332F4B00AFF1D2 /* XCRemoteSwiftPackageReference "LBTATools" */ = {
			isa = XCRemoteSwiftPackageReference;
			repositoryURL = "https://github.com/bhlvoong/LBTATools.git";
			requirement = {
				kind = upToNextMajorVersion;
				minimumVersion = 1.0.17;
			};
		};
/* End XCRemoteSwiftPackageReference section */

/* Begin XCSwiftPackageProductDependency section */
		844283AE26332F4B00AFF1D2 /* LBTATools */ = {
			isa = XCSwiftPackageProductDependency;
			package = 844283AD26332F4B00AFF1D2 /* XCRemoteSwiftPackageReference "LBTATools" */;
			productName = LBTATools;
		};
/* End XCSwiftPackageProductDependency section */
	};
	rootObject = 844283892633234200AFF1D2 /* Project object */;
}
